
Microsoft Visual Studio Solution File, Format Version 12.00
# Visual Studio Version 17
VisualStudioVersion = 17.9.34902.65
MinimumVisualStudioVersion = 10.0.40219.1
Project("{FAE04EC0-301F-11D3-BF4B-00C04F79EFBC}") = "emojiCrypt", "emojiCrypt\emojiCrypt.csproj", "{79225FF2-558F-4EE9-8D62-FE926AF7C587}"
EndProject
Global
	GlobalSection(SolutionConfigurationPlatforms) = preSolution
		Debug|Any CPU = Debug|Any CPU
		Release|Any CPU = Release|Any CPU
	EndGlobalSection
	GlobalSection(ProjectConfigurationPlatforms) = postSolution
		{79225FF2-558F-4EE9-8D62-FE926AF7C587}.Debug|Any CPU.ActiveCfg = Debug|Any CPU
		{79225FF2-558F-4EE9-8D62-FE926AF7C587}.Debug|Any CPU.Build.0 = Debug|Any CPU
		{79225FF2-558F-4EE9-8D62-FE926AF7C587}.Release|Any CPU.ActiveCfg = Release|Any CPU
		{79225FF2-558F-4EE9-8D62-FE926AF7C587}.Release|Any CPU.Build.0 = Release|Any CPU
	EndGlobalSection
	GlobalSection(SolutionProperties) = preSolution
		HideSolutionNode = FALSE
	EndGlobalSection
	GlobalSection(ExtensibilityGlobals) = postSolution
		SolutionGuid = {BA7CB9C4-A919-409C-88A2-67B4DD03E056}
	EndGlobalSection
EndGlobal
